// !$*UTF8*$!
{
	archiveVersion = 1;
	classes = {
	};
	objectVersion = 46;
	objects = {

/* Begin PBXBuildFile section */
		35A421B81924ACFD00DBF5D8 /* CoreData.framework in Frameworks */ = {isa = PBXBuildFile; fileRef = 35A421B71924ACFD00DBF5D8 /* CoreData.framework */; };
		35A421BA1924ACFD00DBF5D8 /* Foundation.framework in Frameworks */ = {isa = PBXBuildFile; fileRef = 35A421B91924ACFD00DBF5D8 /* Foundation.framework */; };
		35A421BD1924ACFD00DBF5D8 /* main.m in Sources */ = {isa = PBXBuildFile; fileRef = 35A421BC1924ACFD00DBF5D8 /* main.m */; };
		35A421CC1924AE9800DBF5D8 /* BaseHttpRequest.m in Sources */ = {isa = PBXBuildFile; fileRef = 35A421CB1924AE9800DBF5D8 /* BaseHttpRequest.m */; };
		35A421CF1924B11B00DBF5D8 /* categoryList.m in Sources */ = {isa = PBXBuildFile; fileRef = 35A421CE1924B11B00DBF5D8 /* categoryList.m */; };
		35A421D21924BD0400DBF5D8 /* categoryProducts.m in Sources */ = {isa = PBXBuildFile; fileRef = 35A421D11924BD0400DBF5D8 /* categoryProducts.m */; };
		35A421D51924BEF200DBF5D8 /* accountGetInfo.m in Sources */ = {isa = PBXBuildFile; fileRef = 35A421D41924BEF200DBF5D8 /* accountGetInfo.m */; };
		35A421D81924C0B300DBF5D8 /* alipayreturn.m in Sources */ = {isa = PBXBuildFile; fileRef = 35A421D71924C0B300DBF5D8 /* alipayreturn.m */; };
		35A421DB1924C32A00DBF5D8 /* login.m in Sources */ = {isa = PBXBuildFile; fileRef = 35A421DA1924C32A00DBF5D8 /* login.m */; };
		35A421EA1925A8A300DBF5D8 /* newOrder.m in Sources */ = {isa = PBXBuildFile; fileRef = 35A421E91925A8A300DBF5D8 /* newOrder.m */; };
		35A421EE1925D63100DBF5D8 /* deleteOrder.m in Sources */ = {isa = PBXBuildFile; fileRef = 35A421ED1925D63100DBF5D8 /* deleteOrder.m */; };
		35A421F11925DA8200DBF5D8 /* orderlist.m in Sources */ = {isa = PBXBuildFile; fileRef = 35A421F01925DA8200DBF5D8 /* orderlist.m */; };
		35A421F41925DD1C00DBF5D8 /* orderdetail.m in Sources */ = {isa = PBXBuildFile; fileRef = 35A421F31925DD1C00DBF5D8 /* orderdetail.m */; };
		35A421F71925E24800DBF5D8 /* paymentConsigneeInfo.m in Sources */ = {isa = PBXBuildFile; fileRef = 35A421F61925E24800DBF5D8 /* paymentConsigneeInfo.m */; };
		35A421FA1925E9FC00DBF5D8 /* paymentList.m in Sources */ = {isa = PBXBuildFile; fileRef = 35A421F91925E9FC00DBF5D8 /* paymentList.m */; };
		35A421FD1925ECE700DBF5D8 /* paymentProductsDetail.m in Sources */ = {isa = PBXBuildFile; fileRef = 35A421FC1925ECE700DBF5D8 /* paymentProductsDetail.m */; };
		35A422001925EEE500DBF5D8 /* paymentPromotion.m in Sources */ = {isa = PBXBuildFile; fileRef = 35A421FF1925EEE500DBF5D8 /* paymentPromotion.m */; };
		35A422031925F14400DBF5D8 /* productDetail.m in Sources */ = {isa = PBXBuildFile; fileRef = 35A422021925F14400DBF5D8 /* productDetail.m */; };
		35A422061925F1CC00DBF5D8 /* productHtml.m in Sources */ = {isa = PBXBuildFile; fileRef = 35A422051925F1CC00DBF5D8 /* productHtml.m */; };
/* End PBXBuildFile section */

/* Begin PBXCopyFilesBuildPhase section */
		35A421B21924ACFD00DBF5D8 /* CopyFiles */ = {
			isa = PBXCopyFilesBuildPhase;
			buildActionMask = 2147483647;
			dstPath = /usr/share/man/man1/;
			dstSubfolderSpec = 0;
			files = (
			);
			runOnlyForDeploymentPostprocessing = 1;
		};
/* End PBXCopyFilesBuildPhase section */

/* Begin PBXFileReference section */
		35A421B41924ACFD00DBF5D8 /* ioshttptest */ = {isa = PBXFileReference; explicitFileType = "compiled.mach-o.executable"; includeInIndex = 0; path = ioshttptest; sourceTree = BUILT_PRODUCTS_DIR; };
		35A421B71924ACFD00DBF5D8 /* CoreData.framework */ = {isa = PBXFileReference; lastKnownFileType = wrapper.framework; name = CoreData.framework; path = System/Library/Frameworks/CoreData.framework; sourceTree = SDKROOT; };
		35A421B91924ACFD00DBF5D8 /* Foundation.framework */ = {isa = PBXFileReference; lastKnownFileType = wrapper.framework; name = Foundation.framework; path = System/Library/Frameworks/Foundation.framework; sourceTree = SDKROOT; };
		35A421BC1924ACFD00DBF5D8 /* main.m */ = {isa = PBXFileReference; lastKnownFileType = sourcecode.c.objc; path = main.m; sourceTree = "<group>"; };
		35A421BF1924ACFD00DBF5D8 /* ioshttptest-Prefix.pch */ = {isa = PBXFileReference; lastKnownFileType = sourcecode.c.h; path = "ioshttptest-Prefix.pch"; sourceTree = "<group>"; };
		35A421CA1924AE9800DBF5D8 /* BaseHttpRequest.h */ = {isa = PBXFileReference; fileEncoding = 4; lastKnownFileType = sourcecode.c.h; path = BaseHttpRequest.h; sourceTree = "<group>"; };
		35A421CB1924AE9800DBF5D8 /* BaseHttpRequest.m */ = {isa = PBXFileReference; fileEncoding = 4; lastKnownFileType = sourcecode.c.objc; path = BaseHttpRequest.m; sourceTree = "<group>"; };
		35A421CD1924B11B00DBF5D8 /* categoryList.h */ = {isa = PBXFileReference; fileEncoding = 4; lastKnownFileType = sourcecode.c.h; path = categoryList.h; sourceTree = "<group>"; };
		35A421CE1924B11B00DBF5D8 /* categoryList.m */ = {isa = PBXFileReference; fileEncoding = 4; lastKnownFileType = sourcecode.c.objc; path = categoryList.m; sourceTree = "<group>"; };
		35A421D01924BD0400DBF5D8 /* categoryProducts.h */ = {isa = PBXFileReference; fileEncoding = 4; lastKnownFileType = sourcecode.c.h; path = categoryProducts.h; sourceTree = "<group>"; };
		35A421D11924BD0400DBF5D8 /* categoryProducts.m */ = {isa = PBXFileReference; fileEncoding = 4; lastKnownFileType = sourcecode.c.objc; path = categoryProducts.m; sourceTree = "<group>"; };
		35A421D31924BEF200DBF5D8 /* accountGetInfo.h */ = {isa = PBXFileReference; fileEncoding = 4; lastKnownFileType = sourcecode.c.h; path = accountGetInfo.h; sourceTree = "<group>"; };
		35A421D41924BEF200DBF5D8 /* accountGetInfo.m */ = {isa = PBXFileReference; fileEncoding = 4; lastKnownFileType = sourcecode.c.objc; path = accountGetInfo.m; sourceTree = "<group>"; };
		35A421D61924C0B300DBF5D8 /* alipayreturn.h */ = {isa = PBXFileReference; fileEncoding = 4; lastKnownFileType = sourcecode.c.h; path = alipayreturn.h; sourceTree = "<group>"; };
		35A421D71924C0B300DBF5D8 /* alipayreturn.m */ = {isa = PBXFileReference; fileEncoding = 4; lastKnownFileType = sourcecode.c.objc; path = alipayreturn.m; sourceTree = "<group>"; };
		35A421D91924C32A00DBF5D8 /* login.h */ = {isa = PBXFileReference; fileEncoding = 4; lastKnownFileType = sourcecode.c.h; path = login.h; sourceTree = "<group>"; };
		35A421DA1924C32A00DBF5D8 /* login.m */ = {isa = PBXFileReference; fileEncoding = 4; lastKnownFileType = sourcecode.c.objc; path = login.m; sourceTree = "<group>"; };
		35A421E81925A8A300DBF5D8 /* newOrder.h */ = {isa = PBXFileReference; fileEncoding = 4; lastKnownFileType = sourcecode.c.h; path = newOrder.h; sourceTree = "<group>"; };
		35A421E91925A8A300DBF5D8 /* newOrder.m */ = {isa = PBXFileReference; fileEncoding = 4; lastKnownFileType = sourcecode.c.objc; path = newOrder.m; sourceTree = "<group>"; };
		35A421EC1925D63100DBF5D8 /* deleteOrder.h */ = {isa = PBXFileReference; fileEncoding = 4; lastKnownFileType = sourcecode.c.h; path = deleteOrder.h; sourceTree = "<group>"; };
		35A421ED1925D63100DBF5D8 /* deleteOrder.m */ = {isa = PBXFileReference; fileEncoding = 4; lastKnownFileType = sourcecode.c.objc; path = deleteOrder.m; sourceTree = "<group>"; };
		35A421EF1925DA8200DBF5D8 /* orderlist.h */ = {isa = PBXFileReference; fileEncoding = 4; lastKnownFileType = sourcecode.c.h; path = orderlist.h; sourceTree = "<group>"; };
		35A421F01925DA8200DBF5D8 /* orderlist.m */ = {isa = PBXFileReference; fileEncoding = 4; lastKnownFileType = sourcecode.c.objc; path = orderlist.m; sourceTree = "<group>"; };
		35A421F21925DD1C00DBF5D8 /* orderdetail.h */ = {isa = PBXFileReference; fileEncoding = 4; lastKnownFileType = sourcecode.c.h; path = orderdetail.h; sourceTree = "<group>"; };
		35A421F31925DD1C00DBF5D8 /* orderdetail.m */ = {isa = PBXFileReference; fileEncoding = 4; lastKnownFileType = sourcecode.c.objc; path = orderdetail.m; sourceTree = "<group>"; };
		35A421F51925E24800DBF5D8 /* paymentConsigneeInfo.h */ = {isa = PBXFileReference; fileEncoding = 4; lastKnownFileType = sourcecode.c.h; path = paymentConsigneeInfo.h; sourceTree = "<group>"; };
		35A421F61925E24800DBF5D8 /* paymentConsigneeInfo.m */ = {isa = PBXFileReference; fileEncoding = 4; lastKnownFileType = sourcecode.c.objc; path = paymentConsigneeInfo.m; sourceTree = "<group>"; };
		35A421F81925E9FC00DBF5D8 /* paymentList.h */ = {isa = PBXFileReference; fileEncoding = 4; lastKnownFileType = sourcecode.c.h; path = paymentList.h; sourceTree = "<group>"; };
		35A421F91925E9FC00DBF5D8 /* paymentList.m */ = {isa = PBXFileReference; fileEncoding = 4; lastKnownFileType = sourcecode.c.objc; path = paymentList.m; sourceTree = "<group>"; };
		35A421FB1925ECE700DBF5D8 /* paymentProductsDetail.h */ = {isa = PBXFileReference; fileEncoding = 4; lastKnownFileType = sourcecode.c.h; path = paymentProductsDetail.h; sourceTree = "<group>"; };
		35A421FC1925ECE700DBF5D8 /* paymentProductsDetail.m */ = {isa = PBXFileReference; fileEncoding = 4; lastKnownFileType = sourcecode.c.objc; path = paymentProductsDetail.m; sourceTree = "<group>"; };
		35A421FE1925EEE500DBF5D8 /* paymentPromotion.h */ = {isa = PBXFileReference; fileEncoding = 4; lastKnownFileType = sourcecode.c.h; path = paymentPromotion.h; sourceTree = "<group>"; };
		35A421FF1925EEE500DBF5D8 /* paymentPromotion.m */ = {isa = PBXFileReference; fileEncoding = 4; lastKnownFileType = sourcecode.c.objc; path = paymentPromotion.m; sourceTree = "<group>"; };
		35A422011925F14400DBF5D8 /* productDetail.h */ = {isa = PBXFileReference; fileEncoding = 4; lastKnownFileType = sourcecode.c.h; path = productDetail.h; sourceTree = "<group>"; };
		35A422021925F14400DBF5D8 /* productDetail.m */ = {isa = PBXFileReference; fileEncoding = 4; lastKnownFileType = sourcecode.c.objc; path = productDetail.m; sourceTree = "<group>"; };
		35A422041925F1CC00DBF5D8 /* productHtml.h */ = {isa = PBXFileReference; fileEncoding = 4; lastKnownFileType = sourcecode.c.h; path = productHtml.h; sourceTree = "<group>"; };
		35A422051925F1CC00DBF5D8 /* productHtml.m */ = {isa = PBXFileReference; fileEncoding = 4; lastKnownFileType = sourcecode.c.objc; path = productHtml.m; sourceTree = "<group>"; };
/* End PBXFileReference section */

/* Begin PBXFrameworksBuildPhase section */
		35A421B11924ACFD00DBF5D8 /* Frameworks */ = {
			isa = PBXFrameworksBuildPhase;
			buildActionMask = 2147483647;
			files = (
				35A421B81924ACFD00DBF5D8 /* CoreData.framework in Frameworks */,
				35A421BA1924ACFD00DBF5D8 /* Foundation.framework in Frameworks */,
			);
			runOnlyForDeploymentPostprocessing = 0;
		};
/* End PBXFrameworksBuildPhase section */

/* Begin PBXGroup section */
		35A421AB1924ACFD00DBF5D8 = {
			isa = PBXGroup;
			children = (
				35A421BB1924ACFD00DBF5D8 /* ioshttptest */,
				35A421B61924ACFD00DBF5D8 /* Frameworks */,
				35A421B51924ACFD00DBF5D8 /* Products */,
			);
			sourceTree = "<group>";
		};
		35A421B51924ACFD00DBF5D8 /* Products */ = {
			isa = PBXGroup;
			children = (
				35A421B41924ACFD00DBF5D8 /* ioshttptest */,
			);
			name = Products;
			sourceTree = "<group>";
		};
		35A421B61924ACFD00DBF5D8 /* Frameworks */ = {
			isa = PBXGroup;
			children = (
				35A421B71924ACFD00DBF5D8 /* CoreData.framework */,
				35A421B91924ACFD00DBF5D8 /* Foundation.framework */,
			);
			name = Frameworks;
			sourceTree = "<group>";
		};
		35A421BB1924ACFD00DBF5D8 /* ioshttptest */ = {
			isa = PBXGroup;
			children = (
				35A421BC1924ACFD00DBF5D8 /* main.m */,
				35A421BE1924ACFD00DBF5D8 /* Supporting Files */,
				35A421CA1924AE9800DBF5D8 /* BaseHttpRequest.h */,
				35A421CB1924AE9800DBF5D8 /* BaseHttpRequest.m */,
				35A421CD1924B11B00DBF5D8 /* categoryList.h */,
				35A421CE1924B11B00DBF5D8 /* categoryList.m */,
				35A421D01924BD0400DBF5D8 /* categoryProducts.h */,
				35A421D11924BD0400DBF5D8 /* categoryProducts.m */,
				35A421D31924BEF200DBF5D8 /* accountGetInfo.h */,
				35A421D41924BEF200DBF5D8 /* accountGetInfo.m */,
				35A421D61924C0B300DBF5D8 /* alipayreturn.h */,
				35A421D71924C0B300DBF5D8 /* alipayreturn.m */,
				35A421D91924C32A00DBF5D8 /* login.h */,
				35A421DA1924C32A00DBF5D8 /* login.m */,
				35A421E81925A8A300DBF5D8 /* newOrder.h */,
				35A421E91925A8A300DBF5D8 /* newOrder.m */,
				35A421EC1925D63100DBF5D8 /* deleteOrder.h */,
				35A421ED1925D63100DBF5D8 /* deleteOrder.m */,
				35A421EF1925DA8200DBF5D8 /* orderlist.h */,
				35A421F01925DA8200DBF5D8 /* orderlist.m */,
				35A421F21925DD1C00DBF5D8 /* orderdetail.h */,
				35A421F31925DD1C00DBF5D8 /* orderdetail.m */,
				35A421F51925E24800DBF5D8 /* paymentConsigneeInfo.h */,
				35A421F61925E24800DBF5D8 /* paymentConsigneeInfo.m */,
				35A421F81925E9FC00DBF5D8 /* paymentList.h */,
				35A421F91925E9FC00DBF5D8 /* paymentList.m */,
				35A421FB1925ECE700DBF5D8 /* paymentProductsDetail.h */,
				35A421FC1925ECE700DBF5D8 /* paymentProductsDetail.m */,
				35A421FE1925EEE500DBF5D8 /* paymentPromotion.h */,
				35A421FF1925EEE500DBF5D8 /* paymentPromotion.m */,
				35A422011925F14400DBF5D8 /* productDetail.h */,
				35A422021925F14400DBF5D8 /* productDetail.m */,
				35A422041925F1CC00DBF5D8 /* productHtml.h */,
				35A422051925F1CC00DBF5D8 /* productHtml.m */,
			);
			path = ioshttptest;
			sourceTree = "<group>";
		};
		35A421BE1924ACFD00DBF5D8 /* Supporting Files */ = {
			isa = PBXGroup;
			children = (
				35A421BF1924ACFD00DBF5D8 /* ioshttptest-Prefix.pch */,
			);
			name = "Supporting Files";
			sourceTree = "<group>";
		};
/* End PBXGroup section */

/* Begin PBXNativeTarget section */
		35A421B31924ACFD00DBF5D8 /* ioshttptest */ = {
			isa = PBXNativeTarget;
			buildConfigurationList = 35A421C71924ACFD00DBF5D8 /* Build configuration list for PBXNativeTarget "ioshttptest" */;
			buildPhases = (
				35A421B01924ACFD00DBF5D8 /* Sources */,
				35A421B11924ACFD00DBF5D8 /* Frameworks */,
				35A421B21924ACFD00DBF5D8 /* CopyFiles */,
			);
			buildRules = (
			);
			dependencies = (
			);
			name = ioshttptest;
			productName = ioshttptest;
			productReference = 35A421B41924ACFD00DBF5D8 /* ioshttptest */;
			productType = "com.apple.product-type.tool";
		};
/* End PBXNativeTarget section */

/* Begin PBXProject section */
		35A421AC1924ACFD00DBF5D8 /* Project object */ = {
			isa = PBXProject;
			attributes = {
				LastUpgradeCheck = 0510;
				ORGANIZATIONNAME = "___FULLUSERNAME___";
			};
			buildConfigurationList = 35A421AF1924ACFD00DBF5D8 /* Build configuration list for PBXProject "ioshttptest" */;
			compatibilityVersion = "Xcode 3.2";
			developmentRegion = English;
			hasScannedForEncodings = 0;
			knownRegions = (
				en,
			);
			mainGroup = 35A421AB1924ACFD00DBF5D8;
			productRefGroup = 35A421B51924ACFD00DBF5D8 /* Products */;
			projectDirPath = "";
			projectRoot = "";
			targets = (
				35A421B31924ACFD00DBF5D8 /* ioshttptest */,
			);
		};
/* End PBXProject section */

/* Begin PBXSourcesBuildPhase section */
		35A421B01924ACFD00DBF5D8 /* Sources */ = {
			isa = PBXSourcesBuildPhase;
			buildActionMask = 2147483647;
			files = (
				35A421CC1924AE9800DBF5D8 /* BaseHttpRequest.m in Sources */,
				35A422061925F1CC00DBF5D8 /* productHtml.m in Sources */,
				35A421EE1925D63100DBF5D8 /* deleteOrder.m in Sources */,
				35A421F71925E24800DBF5D8 /* paymentConsigneeInfo.m in Sources */,
				35A421DB1924C32A00DBF5D8 /* login.m in Sources */,
				35A421CF1924B11B00DBF5D8 /* categoryList.m in Sources */,
				35A421F11925DA8200DBF5D8 /* orderlist.m in Sources */,
				35A421FA1925E9FC00DBF5D8 /* paymentList.m in Sources */,
				35A421F41925DD1C00DBF5D8 /* orderdetail.m in Sources */,
				35A421EA1925A8A300DBF5D8 /* newOrder.m in Sources */,
				35A421FD1925ECE700DBF5D8 /* paymentProductsDetail.m in Sources */,
				35A421BD1924ACFD00DBF5D8 /* main.m in Sources */,
				35A422001925EEE500DBF5D8 /* paymentPromotion.m in Sources */,
				35A421D21924BD0400DBF5D8 /* categoryProducts.m in Sources */,
				35A421D51924BEF200DBF5D8 /* accountGetInfo.m in Sources */,
				35A422031925F14400DBF5D8 /* productDetail.m in Sources */,
				35A421D81924C0B300DBF5D8 /* alipayreturn.m in Sources */,
			);
			runOnlyForDeploymentPostprocessing = 0;
		};
/* End PBXSourcesBuildPhase section */

/* Begin XCBuildConfiguration section */
		35A421C51924ACFD00DBF5D8 /* Debug */ = {
			isa = XCBuildConfiguration;
			buildSettings = {
				ALWAYS_SEARCH_USER_PATHS = NO;
				CLANG_CXX_LANGUAGE_STANDARD = "gnu++0x";
				CLANG_CXX_LIBRARY = "libc++";
				CLANG_ENABLE_MODULES = YES;
				CLANG_ENABLE_OBJC_ARC = YES;
				CLANG_WARN_BOOL_CONVERSION = YES;
				CLANG_WARN_CONSTANT_CONVERSION = YES;
				CLANG_WARN_DIRECT_OBJC_ISA_USAGE = YES_ERROR;
				CLANG_WARN_EMPTY_BODY = YES;
				CLANG_WARN_ENUM_CONVERSION = YES;
				CLANG_WARN_INT_CONVERSION = YES;
				CLANG_WARN_OBJC_ROOT_CLASS = YES_ERROR;
				CLANG_WARN__DUPLICATE_METHOD_MATCH = YES;
				COPY_PHASE_STRIP = NO;
				GCC_C_LANGUAGE_STANDARD = gnu99;
				GCC_DYNAMIC_NO_PIC = NO;
				GCC_ENABLE_OBJC_EXCEPTIONS = YES;
				GCC_OPTIMIZATION_LEVEL = 0;
				GCC_PREPROCESSOR_DEFINITIONS = (
					"DEBUG=1",
					"$(inherited)",
				);
				GCC_SYMBOLS_PRIVATE_EXTERN = NO;
				GCC_WARN_64_TO_32_BIT_CONVERSION = YES;
				GCC_WARN_ABOUT_RETURN_TYPE = YES_ERROR;
				GCC_WARN_UNDECLARED_SELECTOR = YES;
				GCC_WARN_UNINITIALIZED_AUTOS = YES_AGGRESSIVE;
				GCC_WARN_UNUSED_FUNCTION = YES;
				GCC_WARN_UNUSED_VARIABLE = YES;
				MACOSX_DEPLOYMENT_TARGET = 10.9;
				ONLY_ACTIVE_ARCH = YES;
				SDKROOT = macosx;
			};
			name = Debug;
		};
		35A421C61924ACFD00DBF5D8 /* Release */ = {
			isa = XCBuildConfiguration;
			buildSettings = {
				ALWAYS_SEARCH_USER_PATHS = NO;
				CLANG_CXX_LANGUAGE_STANDARD = "gnu++0x";
				CLANG_CXX_LIBRARY = "libc++";
				CLANG_ENABLE_MODULES = YES;
				CLANG_ENABLE_OBJC_ARC = YES;
				CLANG_WARN_BOOL_CONVERSION = YES;
				CLANG_WARN_CONSTANT_CONVERSION = YES;
				CLANG_WARN_DIRECT_OBJC_ISA_USAGE = YES_ERROR;
				CLANG_WARN_EMPTY_BODY = YES;
				CLANG_WARN_ENUM_CONVERSION = YES;
				CLANG_WARN_INT_CONVERSION = YES;
				CLANG_WARN_OBJC_ROOT_CLASS = YES_ERROR;
				CLANG_WARN__DUPLICATE_METHOD_MATCH = YES;
				COPY_PHASE_STRIP = YES;
				DEBUG_INFORMATION_FORMAT = "dwarf-with-dsym";
				ENABLE_NS_ASSERTIONS = NO;
				GCC_C_LANGUAGE_STANDARD = gnu99;
				GCC_ENABLE_OBJC_EXCEPTIONS = YES;
				GCC_WARN_64_TO_32_BIT_CONVERSION = YES;
				GCC_WARN_ABOUT_RETURN_TYPE = YES_ERROR;
				GCC_WARN_UNDECLARED_SELECTOR = YES;
				GCC_WARN_UNINITIALIZED_AUTOS = YES_AGGRESSIVE;
				GCC_WARN_UNUSED_FUNCTION = YES;
				GCC_WARN_UNUSED_VARIABLE = YES;
				MACOSX_DEPLOYMENT_TARGET = 10.9;
				SDKROOT = macosx;
			};
			name = Release;
		};
		35A421C81924ACFD00DBF5D8 /* Debug */ = {
			isa = XCBuildConfiguration;
			buildSettings = {
				GCC_PRECOMPILE_PREFIX_HEADER = YES;
				GCC_PREFIX_HEADER = "ioshttptest/ioshttptest-Prefix.pch";
				PRODUCT_NAME = "$(TARGET_NAME)";
			};
			name = Debug;
		};
		35A421C91924ACFD00DBF5D8 /* Release */ = {
			isa = XCBuildConfiguration;
			buildSettings = {
				GCC_PRECOMPILE_PREFIX_HEADER = YES;
				GCC_PREFIX_HEADER = "ioshttptest/ioshttptest-Prefix.pch";
				PRODUCT_NAME = "$(TARGET_NAME)";
			};
			name = Release;
		};
/* End XCBuildConfiguration section */

/* Begin XCConfigurationList section */
		35A421AF1924ACFD00DBF5D8 /* Build configuration list for PBXProject "ioshttptest" */ = {
			isa = XCConfigurationList;
			buildConfigurations = (
				35A421C51924ACFD00DBF5D8 /* Debug */,
				35A421C61924ACFD00DBF5D8 /* Release */,
			);
			defaultConfigurationIsVisible = 0;
			defaultConfigurationName = Release;
		};
		35A421C71924ACFD00DBF5D8 /* Build configuration list for PBXNativeTarget "ioshttptest" */ = {
			isa = XCConfigurationList;
			buildConfigurations = (
				35A421C81924ACFD00DBF5D8 /* Debug */,
				35A421C91924ACFD00DBF5D8 /* Release */,
			);
			defaultConfigurationIsVisible = 0;
			defaultConfigurationName = Release;
		};
/* End XCConfigurationList section */
	};
	rootObject = 35A421AC1924ACFD00DBF5D8 /* Project object */;
}
